
Microsoft Visual Studio Solution File, Format Version 12.00
# Visual Studio 14
VisualStudioVersion = 14.0.25123.0
MinimumVisualStudioVersion = 10.0.40219.1
Project("{FAE04EC0-301F-11D3-BF4B-00C04F79EFBC}") = "StudentInformationApp", "StudentInformationApp\StudentInformationApp.csproj", "{2DA8CA04-848B-490C-8463-71E91E948BAE}"
EndProject
Project("{FAE04EC0-301F-11D3-BF4B-00C04F79EFBC}") = "StudentInformationApp.Tests", "StudentInformationApp.Tests\StudentInformationApp.Tests.csproj", "{11C2B63C-2239-4D6E-8FE3-F14CA3D38167}"
EndProject
Project("{FAE04EC0-301F-11D3-BF4B-00C04F79EFBC}") = "StudentDLL", "StudentDLL\StudentDLL.csproj", "{B0130036-A46D-47A9-95A5-838CCFCB25C3}"
EndProject
Global
	GlobalSection(SolutionConfigurationPlatforms) = preSolution
		Debug|Any CPU = Debug|Any CPU
		Release|Any CPU = Release|Any CPU
	EndGlobalSection
	GlobalSection(ProjectConfigurationPlatforms) = postSolution
		{2DA8CA04-848B-490C-8463-71E91E948BAE}.Debug|Any CPU.ActiveCfg = Debug|Any CPU
		{2DA8CA04-848B-490C-8463-71E91E948BAE}.Debug|Any CPU.Build.0 = Debug|Any CPU
		{2DA8CA04-848B-490C-8463-71E91E948BAE}.Release|Any CPU.ActiveCfg = Release|Any CPU
		{2DA8CA04-848B-490C-8463-71E91E948BAE}.Release|Any CPU.Build.0 = Release|Any CPU
		{11C2B63C-2239-4D6E-8FE3-F14CA3D38167}.Debug|Any CPU.ActiveCfg = Debug|Any CPU
		{11C2B63C-2239-4D6E-8FE3-F14CA3D38167}.Debug|Any CPU.Build.0 = Debug|Any CPU
		{11C2B63C-2239-4D6E-8FE3-F14CA3D38167}.Release|Any CPU.ActiveCfg = Release|Any CPU
		{11C2B63C-2239-4D6E-8FE3-F14CA3D38167}.Release|Any CPU.Build.0 = Release|Any CPU
		{B0130036-A46D-47A9-95A5-838CCFCB25C3}.Debug|Any CPU.ActiveCfg = Debug|Any CPU
		{B0130036-A46D-47A9-95A5-838CCFCB25C3}.Debug|Any CPU.Build.0 = Debug|Any CPU
		{B0130036-A46D-47A9-95A5-838CCFCB25C3}.Release|Any CPU.ActiveCfg = Release|Any CPU
		{B0130036-A46D-47A9-95A5-838CCFCB25C3}.Release|Any CPU.Build.0 = Release|Any CPU
	EndGlobalSection
	GlobalSection(SolutionProperties) = preSolution
		HideSolutionNode = FALSE
	EndGlobalSection
EndGlobal
